
Microsoft Visual Studio Solution File, Format Version 12.00
# Visual Studio Version 17
VisualStudioVersion = 17.6.33829.357
MinimumVisualStudioVersion = 10.0.40219.1
Project("{9A19103F-16F7-4668-BE54-9A1E7A4F7556}") = "WebAPI_Saturno", "WebAPI_Saturno\WebAPI_Saturno.csproj", "{CEB0081E-568A-4E25-AED4-EC1EDD226D3B}"
EndProject
Project("{FAE04EC0-301F-11D3-BF4B-00C04F79EFBC}") = "API_Test", "API_Test\API_Test.csproj", "{AED096EB-83C3-4198-8DFA-2B7D16196A3A}"
EndProject
Global
	GlobalSection(SolutionConfigurationPlatforms) = preSolution
		Debug|Any CPU = Debug|Any CPU
		Release|Any CPU = Release|Any CPU
	EndGlobalSection
	GlobalSection(ProjectConfigurationPlatforms) = postSolution
		{CEB0081E-568A-4E25-AED4-EC1EDD226D3B}.Debug|Any CPU.ActiveCfg = Debug|Any CPU
		{CEB0081E-568A-4E25-AED4-EC1EDD226D3B}.Debug|Any CPU.Build.0 = Debug|Any CPU
		{CEB0081E-568A-4E25-AED4-EC1EDD226D3B}.Release|Any CPU.ActiveCfg = Release|Any CPU
		{CEB0081E-568A-4E25-AED4-EC1EDD226D3B}.Release|Any CPU.Build.0 = Release|Any CPU
		{AED096EB-83C3-4198-8DFA-2B7D16196A3A}.Debug|Any CPU.ActiveCfg = Debug|Any CPU
		{AED096EB-83C3-4198-8DFA-2B7D16196A3A}.Debug|Any CPU.Build.0 = Debug|Any CPU
		{AED096EB-83C3-4198-8DFA-2B7D16196A3A}.Release|Any CPU.ActiveCfg = Release|Any CPU
		{AED096EB-83C3-4198-8DFA-2B7D16196A3A}.Release|Any CPU.Build.0 = Release|Any CPU
	EndGlobalSection
	GlobalSection(SolutionProperties) = preSolution
		HideSolutionNode = FALSE
	EndGlobalSection
	GlobalSection(ExtensibilityGlobals) = postSolution
		SolutionGuid = {7650621A-308B-425D-A3D6-2098C45BBF33}
	EndGlobalSection
EndGlobal
